
Microsoft Visual Studio Solution File, Format Version 12.00
# Visual Studio Version 16
VisualStudioVersion = 16.0.29424.173
MinimumVisualStudioVersion = 10.0.40219.1
Project("{FAE04EC0-301F-11D3-BF4B-00C04F79EFBC}") = "Q4 13-11-2019", "Q4 13-11-2019\Q4 13-11-2019.csproj", "{088A1272-7959-4715-8737-4FA759D62108}"
EndProject
Global
	GlobalSection(SolutionConfigurationPlatforms) = preSolution
		Debug|Any CPU = Debug|Any CPU
		Release|Any CPU = Release|Any CPU
	EndGlobalSection
	GlobalSection(ProjectConfigurationPlatforms) = postSolution
		{088A1272-7959-4715-8737-4FA759D62108}.Debug|Any CPU.ActiveCfg = Debug|Any CPU
		{088A1272-7959-4715-8737-4FA759D62108}.Debug|Any CPU.Build.0 = Debug|Any CPU
		{088A1272-7959-4715-8737-4FA759D62108}.Release|Any CPU.ActiveCfg = Release|Any CPU
		{088A1272-7959-4715-8737-4FA759D62108}.Release|Any CPU.Build.0 = Release|Any CPU
	EndGlobalSection
	GlobalSection(SolutionProperties) = preSolution
		HideSolutionNode = FALSE
	EndGlobalSection
	GlobalSection(ExtensibilityGlobals) = postSolution
		SolutionGuid = {AB6070E2-4F8E-42BF-94DC-6DF48DF414A0}
	EndGlobalSection
EndGlobal
