
Microsoft Visual Studio Solution File, Format Version 12.00
# Visual Studio Version 16
VisualStudioVersion = 16.0.29613.14
MinimumVisualStudioVersion = 10.0.40219.1
Project("{FAE04EC0-301F-11D3-BF4B-00C04F79EFBC}") = "Q5_26_12_19", "Q5_26_12_19\Q5_26_12_19.csproj", "{0B3A0FFD-EAC8-40BC-957A-ED01929093A5}"
EndProject
Global
	GlobalSection(SolutionConfigurationPlatforms) = preSolution
		Debug|Any CPU = Debug|Any CPU
		Release|Any CPU = Release|Any CPU
	EndGlobalSection
	GlobalSection(ProjectConfigurationPlatforms) = postSolution
		{0B3A0FFD-EAC8-40BC-957A-ED01929093A5}.Debug|Any CPU.ActiveCfg = Debug|Any CPU
		{0B3A0FFD-EAC8-40BC-957A-ED01929093A5}.Debug|Any CPU.Build.0 = Debug|Any CPU
		{0B3A0FFD-EAC8-40BC-957A-ED01929093A5}.Release|Any CPU.ActiveCfg = Release|Any CPU
		{0B3A0FFD-EAC8-40BC-957A-ED01929093A5}.Release|Any CPU.Build.0 = Release|Any CPU
	EndGlobalSection
	GlobalSection(SolutionProperties) = preSolution
		HideSolutionNode = FALSE
	EndGlobalSection
	GlobalSection(ExtensibilityGlobals) = postSolution
		SolutionGuid = {9D548D93-C8EA-4E05-B1BC-E8ABEA724AC8}
	EndGlobalSection
EndGlobal
