
Microsoft Visual Studio Solution File, Format Version 12.00
# Visual Studio Version 16
VisualStudioVersion = 16.0.29424.173
MinimumVisualStudioVersion = 10.0.40219.1
Project("{FAE04EC0-301F-11D3-BF4B-00C04F79EFBC}") = "Q3_11_12_19_2", "Q3_11_12_19_2\Q3_11_12_19_2.csproj", "{66BEF055-FD93-4186-87FB-F78A9A9E57B7}"
EndProject
Global
	GlobalSection(SolutionConfigurationPlatforms) = preSolution
		Debug|Any CPU = Debug|Any CPU
		Release|Any CPU = Release|Any CPU
	EndGlobalSection
	GlobalSection(ProjectConfigurationPlatforms) = postSolution
		{66BEF055-FD93-4186-87FB-F78A9A9E57B7}.Debug|Any CPU.ActiveCfg = Debug|Any CPU
		{66BEF055-FD93-4186-87FB-F78A9A9E57B7}.Debug|Any CPU.Build.0 = Debug|Any CPU
		{66BEF055-FD93-4186-87FB-F78A9A9E57B7}.Release|Any CPU.ActiveCfg = Release|Any CPU
		{66BEF055-FD93-4186-87FB-F78A9A9E57B7}.Release|Any CPU.Build.0 = Release|Any CPU
	EndGlobalSection
	GlobalSection(SolutionProperties) = preSolution
		HideSolutionNode = FALSE
	EndGlobalSection
	GlobalSection(ExtensibilityGlobals) = postSolution
		SolutionGuid = {C0933C3F-4183-4B8C-B1AF-B8E8950F101D}
	EndGlobalSection
EndGlobal
