
Microsoft Visual Studio Solution File, Format Version 12.00
# Visual Studio Version 16
VisualStudioVersion = 16.0.29424.173
MinimumVisualStudioVersion = 10.0.40219.1
Project("{FAE04EC0-301F-11D3-BF4B-00C04F79EFBC}") = "Q5 04-12-19 2", "Q5 04-12-19 2\Q5 04-12-19 2.csproj", "{65B21727-63A3-415A-9AA6-94B223CD78E1}"
EndProject
Global
	GlobalSection(SolutionConfigurationPlatforms) = preSolution
		Debug|Any CPU = Debug|Any CPU
		Release|Any CPU = Release|Any CPU
	EndGlobalSection
	GlobalSection(ProjectConfigurationPlatforms) = postSolution
		{65B21727-63A3-415A-9AA6-94B223CD78E1}.Debug|Any CPU.ActiveCfg = Debug|Any CPU
		{65B21727-63A3-415A-9AA6-94B223CD78E1}.Debug|Any CPU.Build.0 = Debug|Any CPU
		{65B21727-63A3-415A-9AA6-94B223CD78E1}.Release|Any CPU.ActiveCfg = Release|Any CPU
		{65B21727-63A3-415A-9AA6-94B223CD78E1}.Release|Any CPU.Build.0 = Release|Any CPU
	EndGlobalSection
	GlobalSection(SolutionProperties) = preSolution
		HideSolutionNode = FALSE
	EndGlobalSection
	GlobalSection(ExtensibilityGlobals) = postSolution
		SolutionGuid = {833277A3-C03D-4CF0-B5CB-DE3558415945}
	EndGlobalSection
EndGlobal
