
Microsoft Visual Studio Solution File, Format Version 12.00
# Visual Studio Version 16
VisualStudioVersion = 16.0.29424.173
MinimumVisualStudioVersion = 10.0.40219.1
Project("{FAE04EC0-301F-11D3-BF4B-00C04F79EFBC}") = "Q3 18-12-19", "Q3 18-12-19\Q3 18-12-19.csproj", "{87CF1D86-5580-406F-B575-6142D04753FB}"
EndProject
Global
	GlobalSection(SolutionConfigurationPlatforms) = preSolution
		Debug|Any CPU = Debug|Any CPU
		Release|Any CPU = Release|Any CPU
	EndGlobalSection
	GlobalSection(ProjectConfigurationPlatforms) = postSolution
		{87CF1D86-5580-406F-B575-6142D04753FB}.Debug|Any CPU.ActiveCfg = Debug|Any CPU
		{87CF1D86-5580-406F-B575-6142D04753FB}.Debug|Any CPU.Build.0 = Debug|Any CPU
		{87CF1D86-5580-406F-B575-6142D04753FB}.Release|Any CPU.ActiveCfg = Release|Any CPU
		{87CF1D86-5580-406F-B575-6142D04753FB}.Release|Any CPU.Build.0 = Release|Any CPU
	EndGlobalSection
	GlobalSection(SolutionProperties) = preSolution
		HideSolutionNode = FALSE
	EndGlobalSection
	GlobalSection(ExtensibilityGlobals) = postSolution
		SolutionGuid = {0D846211-E8DD-44DF-9BC8-0C683A781F8F}
	EndGlobalSection
EndGlobal
