
Microsoft Visual Studio Solution File, Format Version 12.00
# Visual Studio Version 16
VisualStudioVersion = 16.0.29424.173
MinimumVisualStudioVersion = 10.0.40219.1
Project("{FAE04EC0-301F-11D3-BF4B-00C04F79EFBC}") = "Q6 13-11-2019", "Q6 13-11-2019\Q6 13-11-2019.csproj", "{F3487CBB-7113-47E3-A125-8BB07773335C}"
EndProject
Global
	GlobalSection(SolutionConfigurationPlatforms) = preSolution
		Debug|Any CPU = Debug|Any CPU
		Release|Any CPU = Release|Any CPU
	EndGlobalSection
	GlobalSection(ProjectConfigurationPlatforms) = postSolution
		{F3487CBB-7113-47E3-A125-8BB07773335C}.Debug|Any CPU.ActiveCfg = Debug|Any CPU
		{F3487CBB-7113-47E3-A125-8BB07773335C}.Debug|Any CPU.Build.0 = Debug|Any CPU
		{F3487CBB-7113-47E3-A125-8BB07773335C}.Release|Any CPU.ActiveCfg = Release|Any CPU
		{F3487CBB-7113-47E3-A125-8BB07773335C}.Release|Any CPU.Build.0 = Release|Any CPU
	EndGlobalSection
	GlobalSection(SolutionProperties) = preSolution
		HideSolutionNode = FALSE
	EndGlobalSection
	GlobalSection(ExtensibilityGlobals) = postSolution
		SolutionGuid = {6A0D6897-EA49-4E14-9813-3FC3CFDC0496}
	EndGlobalSection
EndGlobal
