
Microsoft Visual Studio Solution File, Format Version 12.00
# Visual Studio Version 16
VisualStudioVersion = 16.0.29613.14
MinimumVisualStudioVersion = 10.0.40219.1
Project("{FAE04EC0-301F-11D3-BF4B-00C04F79EFBC}") = "Q4_26_12_19", "Q4_26_12_19\Q4_26_12_19.csproj", "{CB19CA3A-D64B-4F79-85A8-26F429C5CADD}"
EndProject
Global
	GlobalSection(SolutionConfigurationPlatforms) = preSolution
		Debug|Any CPU = Debug|Any CPU
		Release|Any CPU = Release|Any CPU
	EndGlobalSection
	GlobalSection(ProjectConfigurationPlatforms) = postSolution
		{CB19CA3A-D64B-4F79-85A8-26F429C5CADD}.Debug|Any CPU.ActiveCfg = Debug|Any CPU
		{CB19CA3A-D64B-4F79-85A8-26F429C5CADD}.Debug|Any CPU.Build.0 = Debug|Any CPU
		{CB19CA3A-D64B-4F79-85A8-26F429C5CADD}.Release|Any CPU.ActiveCfg = Release|Any CPU
		{CB19CA3A-D64B-4F79-85A8-26F429C5CADD}.Release|Any CPU.Build.0 = Release|Any CPU
	EndGlobalSection
	GlobalSection(SolutionProperties) = preSolution
		HideSolutionNode = FALSE
	EndGlobalSection
	GlobalSection(ExtensibilityGlobals) = postSolution
		SolutionGuid = {D5DB73ED-BAD5-4501-9EB3-9FE2AD4C358E}
	EndGlobalSection
EndGlobal
