
Microsoft Visual Studio Solution File, Format Version 12.00
# Visual Studio Version 16
VisualStudioVersion = 16.0.29424.173
MinimumVisualStudioVersion = 10.0.40219.1
Project("{FAE04EC0-301F-11D3-BF4B-00C04F79EFBC}") = "Q9 02-12-19", "Q9 02-12-19\Q9 02-12-19.csproj", "{C6428C3E-E97D-472B-AB8E-82B39BEEC3CB}"
EndProject
Global
	GlobalSection(SolutionConfigurationPlatforms) = preSolution
		Debug|Any CPU = Debug|Any CPU
		Release|Any CPU = Release|Any CPU
	EndGlobalSection
	GlobalSection(ProjectConfigurationPlatforms) = postSolution
		{C6428C3E-E97D-472B-AB8E-82B39BEEC3CB}.Debug|Any CPU.ActiveCfg = Debug|Any CPU
		{C6428C3E-E97D-472B-AB8E-82B39BEEC3CB}.Debug|Any CPU.Build.0 = Debug|Any CPU
		{C6428C3E-E97D-472B-AB8E-82B39BEEC3CB}.Release|Any CPU.ActiveCfg = Release|Any CPU
		{C6428C3E-E97D-472B-AB8E-82B39BEEC3CB}.Release|Any CPU.Build.0 = Release|Any CPU
	EndGlobalSection
	GlobalSection(SolutionProperties) = preSolution
		HideSolutionNode = FALSE
	EndGlobalSection
	GlobalSection(ExtensibilityGlobals) = postSolution
		SolutionGuid = {A66419EC-8D5D-4980-8AB5-9C5F36828627}
	EndGlobalSection
EndGlobal
