
Microsoft Visual Studio Solution File, Format Version 12.00
# Visual Studio Version 16
VisualStudioVersion = 16.0.29613.14
MinimumVisualStudioVersion = 10.0.40219.1
Project("{FAE04EC0-301F-11D3-BF4B-00C04F79EFBC}") = "Q2", "Q2\Q2.csproj", "{7AB89C0E-ED14-4AAC-8483-3ED448F229AB}"
EndProject
Global
	GlobalSection(SolutionConfigurationPlatforms) = preSolution
		Debug|Any CPU = Debug|Any CPU
		Release|Any CPU = Release|Any CPU
	EndGlobalSection
	GlobalSection(ProjectConfigurationPlatforms) = postSolution
		{7AB89C0E-ED14-4AAC-8483-3ED448F229AB}.Debug|Any CPU.ActiveCfg = Debug|Any CPU
		{7AB89C0E-ED14-4AAC-8483-3ED448F229AB}.Debug|Any CPU.Build.0 = Debug|Any CPU
		{7AB89C0E-ED14-4AAC-8483-3ED448F229AB}.Release|Any CPU.ActiveCfg = Release|Any CPU
		{7AB89C0E-ED14-4AAC-8483-3ED448F229AB}.Release|Any CPU.Build.0 = Release|Any CPU
	EndGlobalSection
	GlobalSection(SolutionProperties) = preSolution
		HideSolutionNode = FALSE
	EndGlobalSection
	GlobalSection(ExtensibilityGlobals) = postSolution
		SolutionGuid = {CE3E0F09-B789-4A9D-830F-97F84064279C}
	EndGlobalSection
EndGlobal
