
Microsoft Visual Studio Solution File, Format Version 12.00
# Visual Studio Version 16
VisualStudioVersion = 16.0.29613.14
MinimumVisualStudioVersion = 10.0.40219.1
Project("{FAE04EC0-301F-11D3-BF4B-00C04F79EFBC}") = "Q6_26_12_19", "Q6_26_12_19\Q6_26_12_19.csproj", "{E403E812-6C1A-4A23-AF4F-7FC15ABE8AB0}"
EndProject
Global
	GlobalSection(SolutionConfigurationPlatforms) = preSolution
		Debug|Any CPU = Debug|Any CPU
		Release|Any CPU = Release|Any CPU
	EndGlobalSection
	GlobalSection(ProjectConfigurationPlatforms) = postSolution
		{E403E812-6C1A-4A23-AF4F-7FC15ABE8AB0}.Debug|Any CPU.ActiveCfg = Debug|Any CPU
		{E403E812-6C1A-4A23-AF4F-7FC15ABE8AB0}.Debug|Any CPU.Build.0 = Debug|Any CPU
		{E403E812-6C1A-4A23-AF4F-7FC15ABE8AB0}.Release|Any CPU.ActiveCfg = Release|Any CPU
		{E403E812-6C1A-4A23-AF4F-7FC15ABE8AB0}.Release|Any CPU.Build.0 = Release|Any CPU
	EndGlobalSection
	GlobalSection(SolutionProperties) = preSolution
		HideSolutionNode = FALSE
	EndGlobalSection
	GlobalSection(ExtensibilityGlobals) = postSolution
		SolutionGuid = {4D1533B9-6DC8-49DF-9609-094307330E5B}
	EndGlobalSection
EndGlobal
