
Microsoft Visual Studio Solution File, Format Version 12.00
# Visual Studio Version 16
VisualStudioVersion = 16.0.29613.14
MinimumVisualStudioVersion = 10.0.40219.1
Project("{FAE04EC0-301F-11D3-BF4B-00C04F79EFBC}") = "Q3_1", "Q3_1\Q3_1.csproj", "{FEE7578E-6671-4A29-9C5A-A591FB3B1B0F}"
EndProject
Global
	GlobalSection(SolutionConfigurationPlatforms) = preSolution
		Debug|Any CPU = Debug|Any CPU
		Release|Any CPU = Release|Any CPU
	EndGlobalSection
	GlobalSection(ProjectConfigurationPlatforms) = postSolution
		{FEE7578E-6671-4A29-9C5A-A591FB3B1B0F}.Debug|Any CPU.ActiveCfg = Debug|Any CPU
		{FEE7578E-6671-4A29-9C5A-A591FB3B1B0F}.Debug|Any CPU.Build.0 = Debug|Any CPU
		{FEE7578E-6671-4A29-9C5A-A591FB3B1B0F}.Release|Any CPU.ActiveCfg = Release|Any CPU
		{FEE7578E-6671-4A29-9C5A-A591FB3B1B0F}.Release|Any CPU.Build.0 = Release|Any CPU
	EndGlobalSection
	GlobalSection(SolutionProperties) = preSolution
		HideSolutionNode = FALSE
	EndGlobalSection
	GlobalSection(ExtensibilityGlobals) = postSolution
		SolutionGuid = {2D68AF20-A7B6-4EA5-8652-C6E55F3756B6}
	EndGlobalSection
EndGlobal
