
Microsoft Visual Studio Solution File, Format Version 12.00
# Visual Studio Version 16
VisualStudioVersion = 16.0.29424.173
MinimumVisualStudioVersion = 10.0.40219.1
Project("{FAE04EC0-301F-11D3-BF4B-00C04F79EFBC}") = "Q1_18_12_19", "Q1_18_12_19\Q1_18_12_19.csproj", "{1DBDDCDD-C035-46B2-A103-F533360991FD}"
EndProject
Global
	GlobalSection(SolutionConfigurationPlatforms) = preSolution
		Debug|Any CPU = Debug|Any CPU
		Release|Any CPU = Release|Any CPU
	EndGlobalSection
	GlobalSection(ProjectConfigurationPlatforms) = postSolution
		{1DBDDCDD-C035-46B2-A103-F533360991FD}.Debug|Any CPU.ActiveCfg = Debug|Any CPU
		{1DBDDCDD-C035-46B2-A103-F533360991FD}.Debug|Any CPU.Build.0 = Debug|Any CPU
		{1DBDDCDD-C035-46B2-A103-F533360991FD}.Release|Any CPU.ActiveCfg = Release|Any CPU
		{1DBDDCDD-C035-46B2-A103-F533360991FD}.Release|Any CPU.Build.0 = Release|Any CPU
	EndGlobalSection
	GlobalSection(SolutionProperties) = preSolution
		HideSolutionNode = FALSE
	EndGlobalSection
	GlobalSection(ExtensibilityGlobals) = postSolution
		SolutionGuid = {65278228-B69F-470D-B2F8-37F5B4D40832}
	EndGlobalSection
EndGlobal
