
Microsoft Visual Studio Solution File, Format Version 12.00
# Visual Studio Version 16
VisualStudioVersion = 16.0.29613.14
MinimumVisualStudioVersion = 10.0.40219.1
Project("{FAE04EC0-301F-11D3-BF4B-00C04F79EFBC}") = "Q5", "Q5\Q5.csproj", "{D453E5F2-DE1E-4D37-9931-E30689B18E50}"
EndProject
Global
	GlobalSection(SolutionConfigurationPlatforms) = preSolution
		Debug|Any CPU = Debug|Any CPU
		Release|Any CPU = Release|Any CPU
	EndGlobalSection
	GlobalSection(ProjectConfigurationPlatforms) = postSolution
		{D453E5F2-DE1E-4D37-9931-E30689B18E50}.Debug|Any CPU.ActiveCfg = Debug|Any CPU
		{D453E5F2-DE1E-4D37-9931-E30689B18E50}.Debug|Any CPU.Build.0 = Debug|Any CPU
		{D453E5F2-DE1E-4D37-9931-E30689B18E50}.Release|Any CPU.ActiveCfg = Release|Any CPU
		{D453E5F2-DE1E-4D37-9931-E30689B18E50}.Release|Any CPU.Build.0 = Release|Any CPU
	EndGlobalSection
	GlobalSection(SolutionProperties) = preSolution
		HideSolutionNode = FALSE
	EndGlobalSection
	GlobalSection(ExtensibilityGlobals) = postSolution
		SolutionGuid = {65529B77-6ECE-4DC0-995C-0B572BF7928F}
	EndGlobalSection
EndGlobal
