
Microsoft Visual Studio Solution File, Format Version 12.00
# Visual Studio Version 16
VisualStudioVersion = 16.0.29613.14
MinimumVisualStudioVersion = 10.0.40219.1
Project("{FAE04EC0-301F-11D3-BF4B-00C04F79EFBC}") = "test", "test\test.csproj", "{8D03165E-263D-4242-9D6D-5EEBAE6E3850}"
EndProject
Global
	GlobalSection(SolutionConfigurationPlatforms) = preSolution
		Debug|Any CPU = Debug|Any CPU
		Release|Any CPU = Release|Any CPU
	EndGlobalSection
	GlobalSection(ProjectConfigurationPlatforms) = postSolution
		{8D03165E-263D-4242-9D6D-5EEBAE6E3850}.Debug|Any CPU.ActiveCfg = Debug|Any CPU
		{8D03165E-263D-4242-9D6D-5EEBAE6E3850}.Debug|Any CPU.Build.0 = Debug|Any CPU
		{8D03165E-263D-4242-9D6D-5EEBAE6E3850}.Release|Any CPU.ActiveCfg = Release|Any CPU
		{8D03165E-263D-4242-9D6D-5EEBAE6E3850}.Release|Any CPU.Build.0 = Release|Any CPU
	EndGlobalSection
	GlobalSection(SolutionProperties) = preSolution
		HideSolutionNode = FALSE
	EndGlobalSection
	GlobalSection(ExtensibilityGlobals) = postSolution
		SolutionGuid = {2696CEA9-D846-44BF-BFF1-522E4006CB1A}
	EndGlobalSection
EndGlobal
