
Microsoft Visual Studio Solution File, Format Version 12.00
# Visual Studio Version 16
VisualStudioVersion = 16.0.29424.173
MinimumVisualStudioVersion = 10.0.40219.1
Project("{FAE04EC0-301F-11D3-BF4B-00C04F79EFBC}") = "Q2 11-12-19 3", "Q2 11-12-19 3\Q2 11-12-19 3.csproj", "{9423E3D7-E04B-4A58-8404-95B1CF319EF7}"
EndProject
Global
	GlobalSection(SolutionConfigurationPlatforms) = preSolution
		Debug|Any CPU = Debug|Any CPU
		Release|Any CPU = Release|Any CPU
	EndGlobalSection
	GlobalSection(ProjectConfigurationPlatforms) = postSolution
		{9423E3D7-E04B-4A58-8404-95B1CF319EF7}.Debug|Any CPU.ActiveCfg = Debug|Any CPU
		{9423E3D7-E04B-4A58-8404-95B1CF319EF7}.Debug|Any CPU.Build.0 = Debug|Any CPU
		{9423E3D7-E04B-4A58-8404-95B1CF319EF7}.Release|Any CPU.ActiveCfg = Release|Any CPU
		{9423E3D7-E04B-4A58-8404-95B1CF319EF7}.Release|Any CPU.Build.0 = Release|Any CPU
	EndGlobalSection
	GlobalSection(SolutionProperties) = preSolution
		HideSolutionNode = FALSE
	EndGlobalSection
	GlobalSection(ExtensibilityGlobals) = postSolution
		SolutionGuid = {5247E248-89A7-4E8E-AC64-312488679736}
	EndGlobalSection
EndGlobal
