
Microsoft Visual Studio Solution File, Format Version 12.00
# Visual Studio Version 16
VisualStudioVersion = 16.0.29613.14
MinimumVisualStudioVersion = 10.0.40219.1
Project("{FAE04EC0-301F-11D3-BF4B-00C04F79EFBC}") = "Q12", "Q12\Q12.csproj", "{8DF0550E-4875-46BE-81A5-7AA9886021CE}"
EndProject
Global
	GlobalSection(SolutionConfigurationPlatforms) = preSolution
		Debug|Any CPU = Debug|Any CPU
		Release|Any CPU = Release|Any CPU
	EndGlobalSection
	GlobalSection(ProjectConfigurationPlatforms) = postSolution
		{8DF0550E-4875-46BE-81A5-7AA9886021CE}.Debug|Any CPU.ActiveCfg = Debug|Any CPU
		{8DF0550E-4875-46BE-81A5-7AA9886021CE}.Debug|Any CPU.Build.0 = Debug|Any CPU
		{8DF0550E-4875-46BE-81A5-7AA9886021CE}.Release|Any CPU.ActiveCfg = Release|Any CPU
		{8DF0550E-4875-46BE-81A5-7AA9886021CE}.Release|Any CPU.Build.0 = Release|Any CPU
	EndGlobalSection
	GlobalSection(SolutionProperties) = preSolution
		HideSolutionNode = FALSE
	EndGlobalSection
	GlobalSection(ExtensibilityGlobals) = postSolution
		SolutionGuid = {A3877C3B-EC5A-48B6-9AFB-C413143A5333}
	EndGlobalSection
EndGlobal
