
Microsoft Visual Studio Solution File, Format Version 12.00
# Visual Studio Version 16
VisualStudioVersion = 16.0.29424.173
MinimumVisualStudioVersion = 10.0.40219.1
Project("{FAE04EC0-301F-11D3-BF4B-00C04F79EFBC}") = "Q6_27_11_19", "Q6_27_11_19\Q6_27_11_19.csproj", "{83B7BB49-3266-4AAD-8D61-F12BB53B6A60}"
EndProject
Global
	GlobalSection(SolutionConfigurationPlatforms) = preSolution
		Debug|Any CPU = Debug|Any CPU
		Release|Any CPU = Release|Any CPU
	EndGlobalSection
	GlobalSection(ProjectConfigurationPlatforms) = postSolution
		{83B7BB49-3266-4AAD-8D61-F12BB53B6A60}.Debug|Any CPU.ActiveCfg = Debug|Any CPU
		{83B7BB49-3266-4AAD-8D61-F12BB53B6A60}.Debug|Any CPU.Build.0 = Debug|Any CPU
		{83B7BB49-3266-4AAD-8D61-F12BB53B6A60}.Release|Any CPU.ActiveCfg = Release|Any CPU
		{83B7BB49-3266-4AAD-8D61-F12BB53B6A60}.Release|Any CPU.Build.0 = Release|Any CPU
	EndGlobalSection
	GlobalSection(SolutionProperties) = preSolution
		HideSolutionNode = FALSE
	EndGlobalSection
	GlobalSection(ExtensibilityGlobals) = postSolution
		SolutionGuid = {47FA2B96-839E-4793-8276-0A7E9B529E0A}
	EndGlobalSection
EndGlobal
