
Microsoft Visual Studio Solution File, Format Version 12.00
# Visual Studio Version 16
VisualStudioVersion = 16.0.29424.173
MinimumVisualStudioVersion = 10.0.40219.1
Project("{FAE04EC0-301F-11D3-BF4B-00C04F79EFBC}") = "Q5 07-11-19", "Q5 07-11-19\Q5 07-11-19.csproj", "{97B022E6-803A-4685-A3C4-464A7BCE74DB}"
EndProject
Global
	GlobalSection(SolutionConfigurationPlatforms) = preSolution
		Debug|Any CPU = Debug|Any CPU
		Release|Any CPU = Release|Any CPU
	EndGlobalSection
	GlobalSection(ProjectConfigurationPlatforms) = postSolution
		{97B022E6-803A-4685-A3C4-464A7BCE74DB}.Debug|Any CPU.ActiveCfg = Debug|Any CPU
		{97B022E6-803A-4685-A3C4-464A7BCE74DB}.Debug|Any CPU.Build.0 = Debug|Any CPU
		{97B022E6-803A-4685-A3C4-464A7BCE74DB}.Release|Any CPU.ActiveCfg = Release|Any CPU
		{97B022E6-803A-4685-A3C4-464A7BCE74DB}.Release|Any CPU.Build.0 = Release|Any CPU
	EndGlobalSection
	GlobalSection(SolutionProperties) = preSolution
		HideSolutionNode = FALSE
	EndGlobalSection
	GlobalSection(ExtensibilityGlobals) = postSolution
		SolutionGuid = {4D2975E7-81A4-4770-88D8-EFC1D99BD3CA}
	EndGlobalSection
EndGlobal
