
Microsoft Visual Studio Solution File, Format Version 12.00
# Visual Studio Version 16
VisualStudioVersion = 16.0.29613.14
MinimumVisualStudioVersion = 10.0.40219.1
Project("{FAE04EC0-301F-11D3-BF4B-00C04F79EFBC}") = "Q3 1", "Q3 1\Q3 1.csproj", "{2BDB04EF-AEE4-44E0-AC99-3ADE43E03FCD}"
EndProject
Global
	GlobalSection(SolutionConfigurationPlatforms) = preSolution
		Debug|Any CPU = Debug|Any CPU
		Release|Any CPU = Release|Any CPU
	EndGlobalSection
	GlobalSection(ProjectConfigurationPlatforms) = postSolution
		{2BDB04EF-AEE4-44E0-AC99-3ADE43E03FCD}.Debug|Any CPU.ActiveCfg = Debug|Any CPU
		{2BDB04EF-AEE4-44E0-AC99-3ADE43E03FCD}.Debug|Any CPU.Build.0 = Debug|Any CPU
		{2BDB04EF-AEE4-44E0-AC99-3ADE43E03FCD}.Release|Any CPU.ActiveCfg = Release|Any CPU
		{2BDB04EF-AEE4-44E0-AC99-3ADE43E03FCD}.Release|Any CPU.Build.0 = Release|Any CPU
	EndGlobalSection
	GlobalSection(SolutionProperties) = preSolution
		HideSolutionNode = FALSE
	EndGlobalSection
	GlobalSection(ExtensibilityGlobals) = postSolution
		SolutionGuid = {BF1B227B-8EE0-4C3C-B2DA-EE2BCFE428F7}
	EndGlobalSection
EndGlobal
