
Microsoft Visual Studio Solution File, Format Version 12.00
# Visual Studio Version 16
VisualStudioVersion = 16.0.29424.173
MinimumVisualStudioVersion = 10.0.40219.1
Project("{FAE04EC0-301F-11D3-BF4B-00C04F79EFBC}") = "Q2 12-12-19", "Q2 12-12-19\Q2 12-12-19.csproj", "{09784FA8-A43B-4FC8-A1E1-CE3EA75AEF7A}"
EndProject
Global
	GlobalSection(SolutionConfigurationPlatforms) = preSolution
		Debug|Any CPU = Debug|Any CPU
		Release|Any CPU = Release|Any CPU
	EndGlobalSection
	GlobalSection(ProjectConfigurationPlatforms) = postSolution
		{09784FA8-A43B-4FC8-A1E1-CE3EA75AEF7A}.Debug|Any CPU.ActiveCfg = Debug|Any CPU
		{09784FA8-A43B-4FC8-A1E1-CE3EA75AEF7A}.Debug|Any CPU.Build.0 = Debug|Any CPU
		{09784FA8-A43B-4FC8-A1E1-CE3EA75AEF7A}.Release|Any CPU.ActiveCfg = Release|Any CPU
		{09784FA8-A43B-4FC8-A1E1-CE3EA75AEF7A}.Release|Any CPU.Build.0 = Release|Any CPU
	EndGlobalSection
	GlobalSection(SolutionProperties) = preSolution
		HideSolutionNode = FALSE
	EndGlobalSection
	GlobalSection(ExtensibilityGlobals) = postSolution
		SolutionGuid = {7ED29064-7379-4227-8738-5227D8840BE7}
	EndGlobalSection
EndGlobal
