
Microsoft Visual Studio Solution File, Format Version 12.00
# Visual Studio Version 16
VisualStudioVersion = 16.0.29418.71
MinimumVisualStudioVersion = 10.0.40219.1
Project("{FAE04EC0-301F-11D3-BF4B-00C04F79EFBC}") = "HomeWork1", "HomeWork1\HomeWork1.csproj", "{B53D8537-0A25-4AB7-B9CB-49341526BD8E}"
EndProject
Global
	GlobalSection(SolutionConfigurationPlatforms) = preSolution
		Debug|Any CPU = Debug|Any CPU
		Release|Any CPU = Release|Any CPU
	EndGlobalSection
	GlobalSection(ProjectConfigurationPlatforms) = postSolution
		{B53D8537-0A25-4AB7-B9CB-49341526BD8E}.Debug|Any CPU.ActiveCfg = Debug|Any CPU
		{B53D8537-0A25-4AB7-B9CB-49341526BD8E}.Debug|Any CPU.Build.0 = Debug|Any CPU
		{B53D8537-0A25-4AB7-B9CB-49341526BD8E}.Release|Any CPU.ActiveCfg = Release|Any CPU
		{B53D8537-0A25-4AB7-B9CB-49341526BD8E}.Release|Any CPU.Build.0 = Release|Any CPU
	EndGlobalSection
	GlobalSection(SolutionProperties) = preSolution
		HideSolutionNode = FALSE
	EndGlobalSection
	GlobalSection(ExtensibilityGlobals) = postSolution
		SolutionGuid = {00434A43-708F-4DDC-8D18-44ED7E7DF404}
	EndGlobalSection
EndGlobal
