
Microsoft Visual Studio Solution File, Format Version 12.00
# Visual Studio Version 16
VisualStudioVersion = 16.0.29424.173
MinimumVisualStudioVersion = 10.0.40219.1
Project("{FAE04EC0-301F-11D3-BF4B-00C04F79EFBC}") = "Q2_09_12_19_2", "Q2_09_12_19_2\Q2_09_12_19_2.csproj", "{30FC02E3-F37E-4319-A28E-64BFA3844B89}"
EndProject
Global
	GlobalSection(SolutionConfigurationPlatforms) = preSolution
		Debug|Any CPU = Debug|Any CPU
		Release|Any CPU = Release|Any CPU
	EndGlobalSection
	GlobalSection(ProjectConfigurationPlatforms) = postSolution
		{30FC02E3-F37E-4319-A28E-64BFA3844B89}.Debug|Any CPU.ActiveCfg = Debug|Any CPU
		{30FC02E3-F37E-4319-A28E-64BFA3844B89}.Debug|Any CPU.Build.0 = Debug|Any CPU
		{30FC02E3-F37E-4319-A28E-64BFA3844B89}.Release|Any CPU.ActiveCfg = Release|Any CPU
		{30FC02E3-F37E-4319-A28E-64BFA3844B89}.Release|Any CPU.Build.0 = Release|Any CPU
	EndGlobalSection
	GlobalSection(SolutionProperties) = preSolution
		HideSolutionNode = FALSE
	EndGlobalSection
	GlobalSection(ExtensibilityGlobals) = postSolution
		SolutionGuid = {B7FB9434-D618-4D02-AC56-98BD3A47C579}
	EndGlobalSection
EndGlobal
