
Microsoft Visual Studio Solution File, Format Version 12.00
# Visual Studio Version 16
VisualStudioVersion = 16.0.29509.3
MinimumVisualStudioVersion = 10.0.40219.1
Project("{FAE04EC0-301F-11D3-BF4B-00C04F79EFBC}") = "Q3 9-12-19 2", "Q3 9-12-19 2\Q3 9-12-19 2.csproj", "{7AA7049D-CB66-4573-B422-43CD59292C65}"
EndProject
Global
	GlobalSection(SolutionConfigurationPlatforms) = preSolution
		Debug|Any CPU = Debug|Any CPU
		Release|Any CPU = Release|Any CPU
	EndGlobalSection
	GlobalSection(ProjectConfigurationPlatforms) = postSolution
		{7AA7049D-CB66-4573-B422-43CD59292C65}.Debug|Any CPU.ActiveCfg = Debug|Any CPU
		{7AA7049D-CB66-4573-B422-43CD59292C65}.Debug|Any CPU.Build.0 = Debug|Any CPU
		{7AA7049D-CB66-4573-B422-43CD59292C65}.Release|Any CPU.ActiveCfg = Release|Any CPU
		{7AA7049D-CB66-4573-B422-43CD59292C65}.Release|Any CPU.Build.0 = Release|Any CPU
	EndGlobalSection
	GlobalSection(SolutionProperties) = preSolution
		HideSolutionNode = FALSE
	EndGlobalSection
	GlobalSection(ExtensibilityGlobals) = postSolution
		SolutionGuid = {B88FDE25-DEEF-4AC5-A333-E87767D3AC6F}
	EndGlobalSection
EndGlobal
